
Microsoft Visual Studio Solution File, Format Version 12.00
# Visual Studio Version 17
VisualStudioVersion = 17.0.31919.166
MinimumVisualStudioVersion = 10.0.40219.1
Project("{9A19103F-16F7-4668-BE54-9A1E7A4F7556}") = "EstateManagement", "EstateManagement\EstateManagement.csproj", "{78735B42-3F78-444C-B57C-CD86FA7B60DC}"
EndProject
Project("{2150E333-8FDC-42A3-9474-1A3956D46DE8}") = "src", "src", "{C72E5A90-7B74-485B-885A-2E34C044CA81}"
EndProject
Project("{9A19103F-16F7-4668-BE54-9A1E7A4F7556}") = "EstateManagement.BusinessLogic", "EstateManagement.BusinessLogic\EstateManagement.BusinessLogic.csproj", "{759B73FE-66FE-4FCB-A6EF-A7FD1F5978E8}"
EndProject
Project("{9A19103F-16F7-4668-BE54-9A1E7A4F7556}") = "EstateManagement.DataTransferObjects", "EstateManagement.DataTransferObjects\EstateManagement.DataTransferObjects.csproj", "{6D43CC0B-A462-4A2A-9C59-47A0D7C83DF7}"
EndProject
Project("{9A19103F-16F7-4668-BE54-9A1E7A4F7556}") = "EstateManagement.Client", "EstateManagement.Client\EstateManagement.Client.csproj", "{A602A288-9DDD-4869-B2E3-16D12B791D88}"
EndProject
Project("{9A19103F-16F7-4668-BE54-9A1E7A4F7556}") = "EstateManagement.EstateAggregate", "EstateManagement.EstateAggregate\EstateManagement.EstateAggregate.csproj", "{ECE7DD4A-8E9E-41A8-A02F-09BE12C3F58D}"
EndProject
Project("{2150E333-8FDC-42A3-9474-1A3956D46DE8}") = "test", "test", "{37B5C834-5EC7-4244-B6D8-987AAF52E9EE}"
EndProject
Project("{9A19103F-16F7-4668-BE54-9A1E7A4F7556}") = "EstateManagement.Tests", "EstateManagement.Tests\EstateManagement.Tests.csproj", "{29ED8A69-5ED2-4744-9741-98A4A3A7998E}"
EndProject
Project("{9A19103F-16F7-4668-BE54-9A1E7A4F7556}") = "EstateManagement.BusinessLogic.Tests", "EstateManagement.BusinessLogic.Tests\EstateManagement.BusinessLogic.Tests.csproj", "{36AE8BF9-C81C-4C70-814F-0C5C1C179F0D}"
EndProject
Project("{9A19103F-16F7-4668-BE54-9A1E7A4F7556}") = "EstateManagement.EstateAggregate.Tests", "EstateManagement.EstateAggregate.Tests\EstateManagement.EstateAggregate.Tests.csproj", "{FE29FAB7-82BD-4BF2-AC7A-A964BEE1C1A3}"
EndProject
Project("{9A19103F-16F7-4668-BE54-9A1E7A4F7556}") = "EstateManagement.IntegrationTests", "EstateManagement.IntegrationTests\EstateManagement.IntegrationTests.csproj", "{60AE754E-BF46-4C6D-B0DF-EA3B331C2DD9}"
EndProject
Project("{9A19103F-16F7-4668-BE54-9A1E7A4F7556}") = "EstateManagement.Estate.DomainEvents", "EstateManagement.Estate.DomainEvents\EstateManagement.Estate.DomainEvents.csproj", "{1B64A36D-F395-46A0-B651-70B40D98D7A5}"
EndProject
Project("{9A19103F-16F7-4668-BE54-9A1E7A4F7556}") = "EstateManagement.Models", "EstateManagement.Models\EstateManagement.Models.csproj", "{D44DE458-7044-46CF-839E-56E1FF1FC8BC}"
EndProject
Project("{9A19103F-16F7-4668-BE54-9A1E7A4F7556}") = "EstateManagement.Testing", "EstateManagement.Testing\EstateManagement.Testing.csproj", "{F1F54EC3-98A8-4F0F-8DAC-2CB59BE42C49}"
EndProject
Project("{9A19103F-16F7-4668-BE54-9A1E7A4F7556}") = "EstateManagement.MerchantAggregate", "EstateManagement.MerchantAggregate\EstateManagement.MerchantAggregate.csproj", "{9A4BCC94-FD17-4AB4-8DCB-2AA0B99A1F0F}"
EndProject
Project("{9A19103F-16F7-4668-BE54-9A1E7A4F7556}") = "EstateManagement.Merchant.DomainEvents", "EstateManagement.Merchant.DomainEvents\EstateManagement.Merchant.DomainEvents.csproj", "{1BB254AC-F6EF-4879-995C-67F452506623}"
EndProject
Project("{9A19103F-16F7-4668-BE54-9A1E7A4F7556}") = "EstateManagement.MerchantAggregate.Tests", "EstateManagement.MerchantAggregate.Tests\EstateManagement.MerchantAggregate.Tests.csproj", "{9C011D6D-4014-414F-B1DE-018C1C1A5BAF}"
EndProject
Project("{9A19103F-16F7-4668-BE54-9A1E7A4F7556}") = "EstateManagement.Repository", "EstateManagement.Repository\EstateManagement.Repository.csproj", "{FE89BE0D-2401-43E2-9998-88C3FD717999}"
EndProject
Project("{9A19103F-16F7-4668-BE54-9A1E7A4F7556}") = "EstateManagement.Repository.Tests", "EstateManagement.Repository.Tests\EstateManagement.Repository.Tests.csproj", "{582FDDEF-33C9-49C2-8D3A-0A78EB899272}"
EndProject
Project("{9A19103F-16F7-4668-BE54-9A1E7A4F7556}") = "EstateManagement.ContractAggregate", "EstateManagement.ContractAggregate\EstateManagement.ContractAggregate.csproj", "{25ED8E7C-4828-44BB-BBE1-6C18C2D1FAFB}"
EndProject
Project("{9A19103F-16F7-4668-BE54-9A1E7A4F7556}") = "EstateManagement.ContractAggregate.Tests", "EstateManagement.ContractAggregate.Tests\EstateManagement.ContractAggregate.Tests.csproj", "{238FA07B-1C33-476C-9892-ABA67B1F2BD3}"
EndProject
Project("{9A19103F-16F7-4668-BE54-9A1E7A4F7556}") = "EstateManagement.Contract.DomainEvents", "EstateManagement.Contract.DomainEvents\EstateManagement.Contract.DomainEvents.csproj", "{79477A0F-3699-419F-97B5-B22C4CFDA897}"
EndProject
Project("{FAE04EC0-301F-11D3-BF4B-00C04F79EFBC}") = "EstateManagement.MerchantStatementAggregate", "EstateManagement.MerchantStatementAggregate\EstateManagement.MerchantStatementAggregate.csproj", "{0B6245B9-F028-4BDB-BC9C-42EE66723D18}"
EndProject
Project("{FAE04EC0-301F-11D3-BF4B-00C04F79EFBC}") = "EstateManagement.MerchantStatementAggregate.Tests", "EstateManagement.MerchantStatementAggregate.Tests\EstateManagement.MerchantStatementAggregate.Tests.csproj", "{F5F99A80-CE9D-4824-8695-A41435881D4D}"
EndProject
Project("{FAE04EC0-301F-11D3-BF4B-00C04F79EFBC}") = "EstateManagement.MerchantStatement.DomainEvents", "EstateManagement.MerchantStatement.DomainEvents\EstateManagement.MerchantStatement.DomainEvents.csproj", "{51F043C5-0709-447A-83BB-3976CBF61632}"
EndProject
Global
	GlobalSection(SolutionConfigurationPlatforms) = preSolution
		Debug|Any CPU = Debug|Any CPU
		Release|Any CPU = Release|Any CPU
	EndGlobalSection
	GlobalSection(ProjectConfigurationPlatforms) = postSolution
		{78735B42-3F78-444C-B57C-CD86FA7B60DC}.Debug|Any CPU.ActiveCfg = Debug|Any CPU
		{78735B42-3F78-444C-B57C-CD86FA7B60DC}.Debug|Any CPU.Build.0 = Debug|Any CPU
		{78735B42-3F78-444C-B57C-CD86FA7B60DC}.Release|Any CPU.ActiveCfg = Release|Any CPU
		{78735B42-3F78-444C-B57C-CD86FA7B60DC}.Release|Any CPU.Build.0 = Release|Any CPU
		{759B73FE-66FE-4FCB-A6EF-A7FD1F5978E8}.Debug|Any CPU.ActiveCfg = Debug|Any CPU
		{759B73FE-66FE-4FCB-A6EF-A7FD1F5978E8}.Debug|Any CPU.Build.0 = Debug|Any CPU
		{759B73FE-66FE-4FCB-A6EF-A7FD1F5978E8}.Release|Any CPU.ActiveCfg = Release|Any CPU
		{759B73FE-66FE-4FCB-A6EF-A7FD1F5978E8}.Release|Any CPU.Build.0 = Release|Any CPU
		{6D43CC0B-A462-4A2A-9C59-47A0D7C83DF7}.Debug|Any CPU.ActiveCfg = Debug|Any CPU
		{6D43CC0B-A462-4A2A-9C59-47A0D7C83DF7}.Debug|Any CPU.Build.0 = Debug|Any CPU
		{6D43CC0B-A462-4A2A-9C59-47A0D7C83DF7}.Release|Any CPU.ActiveCfg = Release|Any CPU
		{6D43CC0B-A462-4A2A-9C59-47A0D7C83DF7}.Release|Any CPU.Build.0 = Release|Any CPU
		{A602A288-9DDD-4869-B2E3-16D12B791D88}.Debug|Any CPU.ActiveCfg = Debug|Any CPU
		{A602A288-9DDD-4869-B2E3-16D12B791D88}.Debug|Any CPU.Build.0 = Debug|Any CPU
		{A602A288-9DDD-4869-B2E3-16D12B791D88}.Release|Any CPU.ActiveCfg = Release|Any CPU
		{A602A288-9DDD-4869-B2E3-16D12B791D88}.Release|Any CPU.Build.0 = Release|Any CPU
		{ECE7DD4A-8E9E-41A8-A02F-09BE12C3F58D}.Debug|Any CPU.ActiveCfg = Debug|Any CPU
		{ECE7DD4A-8E9E-41A8-A02F-09BE12C3F58D}.Debug|Any CPU.Build.0 = Debug|Any CPU
		{ECE7DD4A-8E9E-41A8-A02F-09BE12C3F58D}.Release|Any CPU.ActiveCfg = Release|Any CPU
		{ECE7DD4A-8E9E-41A8-A02F-09BE12C3F58D}.Release|Any CPU.Build.0 = Release|Any CPU
		{29ED8A69-5ED2-4744-9741-98A4A3A7998E}.Debug|Any CPU.ActiveCfg = Debug|Any CPU
		{29ED8A69-5ED2-4744-9741-98A4A3A7998E}.Debug|Any CPU.Build.0 = Debug|Any CPU
		{29ED8A69-5ED2-4744-9741-98A4A3A7998E}.Release|Any CPU.ActiveCfg = Release|Any CPU
		{29ED8A69-5ED2-4744-9741-98A4A3A7998E}.Release|Any CPU.Build.0 = Release|Any CPU
		{36AE8BF9-C81C-4C70-814F-0C5C1C179F0D}.Debug|Any CPU.ActiveCfg = Debug|Any CPU
		{36AE8BF9-C81C-4C70-814F-0C5C1C179F0D}.Debug|Any CPU.Build.0 = Debug|Any CPU
		{36AE8BF9-C81C-4C70-814F-0C5C1C179F0D}.Release|Any CPU.ActiveCfg = Release|Any CPU
		{36AE8BF9-C81C-4C70-814F-0C5C1C179F0D}.Release|Any CPU.Build.0 = Release|Any CPU
		{FE29FAB7-82BD-4BF2-AC7A-A964BEE1C1A3}.Debug|Any CPU.ActiveCfg = Debug|Any CPU
		{FE29FAB7-82BD-4BF2-AC7A-A964BEE1C1A3}.Debug|Any CPU.Build.0 = Debug|Any CPU
		{FE29FAB7-82BD-4BF2-AC7A-A964BEE1C1A3}.Release|Any CPU.ActiveCfg = Release|Any CPU
		{FE29FAB7-82BD-4BF2-AC7A-A964BEE1C1A3}.Release|Any CPU.Build.0 = Release|Any CPU
		{60AE754E-BF46-4C6D-B0DF-EA3B331C2DD9}.Debug|Any CPU.ActiveCfg = Debug|Any CPU
		{60AE754E-BF46-4C6D-B0DF-EA3B331C2DD9}.Debug|Any CPU.Build.0 = Debug|Any CPU
		{60AE754E-BF46-4C6D-B0DF-EA3B331C2DD9}.Release|Any CPU.ActiveCfg = Release|Any CPU
		{60AE754E-BF46-4C6D-B0DF-EA3B331C2DD9}.Release|Any CPU.Build.0 = Release|Any CPU
		{1B64A36D-F395-46A0-B651-70B40D98D7A5}.Debug|Any CPU.ActiveCfg = Debug|Any CPU
		{1B64A36D-F395-46A0-B651-70B40D98D7A5}.Debug|Any CPU.Build.0 = Debug|Any CPU
		{1B64A36D-F395-46A0-B651-70B40D98D7A5}.Release|Any CPU.ActiveCfg = Release|Any CPU
		{1B64A36D-F395-46A0-B651-70B40D98D7A5}.Release|Any CPU.Build.0 = Release|Any CPU
		{D44DE458-7044-46CF-839E-56E1FF1FC8BC}.Debug|Any CPU.ActiveCfg = Debug|Any CPU
		{D44DE458-7044-46CF-839E-56E1FF1FC8BC}.Debug|Any CPU.Build.0 = Debug|Any CPU
		{D44DE458-7044-46CF-839E-56E1FF1FC8BC}.Release|Any CPU.ActiveCfg = Release|Any CPU
		{D44DE458-7044-46CF-839E-56E1FF1FC8BC}.Release|Any CPU.Build.0 = Release|Any CPU
		{F1F54EC3-98A8-4F0F-8DAC-2CB59BE42C49}.Debug|Any CPU.ActiveCfg = Debug|Any CPU
		{F1F54EC3-98A8-4F0F-8DAC-2CB59BE42C49}.Debug|Any CPU.Build.0 = Debug|Any CPU
		{F1F54EC3-98A8-4F0F-8DAC-2CB59BE42C49}.Release|Any CPU.ActiveCfg = Release|Any CPU
		{F1F54EC3-98A8-4F0F-8DAC-2CB59BE42C49}.Release|Any CPU.Build.0 = Release|Any CPU
		{9A4BCC94-FD17-4AB4-8DCB-2AA0B99A1F0F}.Debug|Any CPU.ActiveCfg = Debug|Any CPU
		{9A4BCC94-FD17-4AB4-8DCB-2AA0B99A1F0F}.Debug|Any CPU.Build.0 = Debug|Any CPU
		{9A4BCC94-FD17-4AB4-8DCB-2AA0B99A1F0F}.Release|Any CPU.ActiveCfg = Release|Any CPU
		{9A4BCC94-FD17-4AB4-8DCB-2AA0B99A1F0F}.Release|Any CPU.Build.0 = Release|Any CPU
		{1BB254AC-F6EF-4879-995C-67F452506623}.Debug|Any CPU.ActiveCfg = Debug|Any CPU
		{1BB254AC-F6EF-4879-995C-67F452506623}.Debug|Any CPU.Build.0 = Debug|Any CPU
		{1BB254AC-F6EF-4879-995C-67F452506623}.Release|Any CPU.ActiveCfg = Release|Any CPU
		{1BB254AC-F6EF-4879-995C-67F452506623}.Release|Any CPU.Build.0 = Release|Any CPU
		{9C011D6D-4014-414F-B1DE-018C1C1A5BAF}.Debug|Any CPU.ActiveCfg = Debug|Any CPU
		{9C011D6D-4014-414F-B1DE-018C1C1A5BAF}.Debug|Any CPU.Build.0 = Debug|Any CPU
		{9C011D6D-4014-414F-B1DE-018C1C1A5BAF}.Release|Any CPU.ActiveCfg = Release|Any CPU
		{9C011D6D-4014-414F-B1DE-018C1C1A5BAF}.Release|Any CPU.Build.0 = Release|Any CPU
		{FE89BE0D-2401-43E2-9998-88C3FD717999}.Debug|Any CPU.ActiveCfg = Debug|Any CPU
		{FE89BE0D-2401-43E2-9998-88C3FD717999}.Debug|Any CPU.Build.0 = Debug|Any CPU
		{FE89BE0D-2401-43E2-9998-88C3FD717999}.Release|Any CPU.ActiveCfg = Release|Any CPU
		{FE89BE0D-2401-43E2-9998-88C3FD717999}.Release|Any CPU.Build.0 = Release|Any CPU
		{582FDDEF-33C9-49C2-8D3A-0A78EB899272}.Debug|Any CPU.ActiveCfg = Debug|Any CPU
		{582FDDEF-33C9-49C2-8D3A-0A78EB899272}.Debug|Any CPU.Build.0 = Debug|Any CPU
		{582FDDEF-33C9-49C2-8D3A-0A78EB899272}.Release|Any CPU.ActiveCfg = Release|Any CPU
		{582FDDEF-33C9-49C2-8D3A-0A78EB899272}.Release|Any CPU.Build.0 = Release|Any CPU
		{25ED8E7C-4828-44BB-BBE1-6C18C2D1FAFB}.Debug|Any CPU.ActiveCfg = Debug|Any CPU
		{25ED8E7C-4828-44BB-BBE1-6C18C2D1FAFB}.Debug|Any CPU.Build.0 = Debug|Any CPU
		{25ED8E7C-4828-44BB-BBE1-6C18C2D1FAFB}.Release|Any CPU.ActiveCfg = Release|Any CPU
		{25ED8E7C-4828-44BB-BBE1-6C18C2D1FAFB}.Release|Any CPU.Build.0 = Release|Any CPU
		{238FA07B-1C33-476C-9892-ABA67B1F2BD3}.Debug|Any CPU.ActiveCfg = Debug|Any CPU
		{238FA07B-1C33-476C-9892-ABA67B1F2BD3}.Debug|Any CPU.Build.0 = Debug|Any CPU
		{238FA07B-1C33-476C-9892-ABA67B1F2BD3}.Release|Any CPU.ActiveCfg = Release|Any CPU
		{238FA07B-1C33-476C-9892-ABA67B1F2BD3}.Release|Any CPU.Build.0 = Release|Any CPU
		{79477A0F-3699-419F-97B5-B22C4CFDA897}.Debug|Any CPU.ActiveCfg = Debug|Any CPU
		{79477A0F-3699-419F-97B5-B22C4CFDA897}.Debug|Any CPU.Build.0 = Debug|Any CPU
		{79477A0F-3699-419F-97B5-B22C4CFDA897}.Release|Any CPU.ActiveCfg = Release|Any CPU
		{79477A0F-3699-419F-97B5-B22C4CFDA897}.Release|Any CPU.Build.0 = Release|Any CPU
		{0B6245B9-F028-4BDB-BC9C-42EE66723D18}.Debug|Any CPU.ActiveCfg = Debug|Any CPU
		{0B6245B9-F028-4BDB-BC9C-42EE66723D18}.Debug|Any CPU.Build.0 = Debug|Any CPU
		{0B6245B9-F028-4BDB-BC9C-42EE66723D18}.Release|Any CPU.ActiveCfg = Release|Any CPU
		{0B6245B9-F028-4BDB-BC9C-42EE66723D18}.Release|Any CPU.Build.0 = Release|Any CPU
		{F5F99A80-CE9D-4824-8695-A41435881D4D}.Debug|Any CPU.ActiveCfg = Debug|Any CPU
		{F5F99A80-CE9D-4824-8695-A41435881D4D}.Debug|Any CPU.Build.0 = Debug|Any CPU
		{F5F99A80-CE9D-4824-8695-A41435881D4D}.Release|Any CPU.ActiveCfg = Release|Any CPU
		{F5F99A80-CE9D-4824-8695-A41435881D4D}.Release|Any CPU.Build.0 = Release|Any CPU
		{51F043C5-0709-447A-83BB-3976CBF61632}.Debug|Any CPU.ActiveCfg = Debug|Any CPU
		{51F043C5-0709-447A-83BB-3976CBF61632}.Debug|Any CPU.Build.0 = Debug|Any CPU
		{51F043C5-0709-447A-83BB-3976CBF61632}.Release|Any CPU.ActiveCfg = Release|Any CPU
		{51F043C5-0709-447A-83BB-3976CBF61632}.Release|Any CPU.Build.0 = Release|Any CPU
	EndGlobalSection
	GlobalSection(SolutionProperties) = preSolution
		HideSolutionNode = FALSE
	EndGlobalSection
	GlobalSection(NestedProjects) = preSolution
		{78735B42-3F78-444C-B57C-CD86FA7B60DC} = {C72E5A90-7B74-485B-885A-2E34C044CA81}
		{759B73FE-66FE-4FCB-A6EF-A7FD1F5978E8} = {C72E5A90-7B74-485B-885A-2E34C044CA81}
		{6D43CC0B-A462-4A2A-9C59-47A0D7C83DF7} = {C72E5A90-7B74-485B-885A-2E34C044CA81}
		{A602A288-9DDD-4869-B2E3-16D12B791D88} = {C72E5A90-7B74-485B-885A-2E34C044CA81}
		{ECE7DD4A-8E9E-41A8-A02F-09BE12C3F58D} = {C72E5A90-7B74-485B-885A-2E34C044CA81}
		{29ED8A69-5ED2-4744-9741-98A4A3A7998E} = {37B5C834-5EC7-4244-B6D8-987AAF52E9EE}
		{36AE8BF9-C81C-4C70-814F-0C5C1C179F0D} = {37B5C834-5EC7-4244-B6D8-987AAF52E9EE}
		{FE29FAB7-82BD-4BF2-AC7A-A964BEE1C1A3} = {37B5C834-5EC7-4244-B6D8-987AAF52E9EE}
		{60AE754E-BF46-4C6D-B0DF-EA3B331C2DD9} = {37B5C834-5EC7-4244-B6D8-987AAF52E9EE}
		{1B64A36D-F395-46A0-B651-70B40D98D7A5} = {C72E5A90-7B74-485B-885A-2E34C044CA81}
		{D44DE458-7044-46CF-839E-56E1FF1FC8BC} = {C72E5A90-7B74-485B-885A-2E34C044CA81}
		{F1F54EC3-98A8-4F0F-8DAC-2CB59BE42C49} = {37B5C834-5EC7-4244-B6D8-987AAF52E9EE}
		{9A4BCC94-FD17-4AB4-8DCB-2AA0B99A1F0F} = {C72E5A90-7B74-485B-885A-2E34C044CA81}
		{1BB254AC-F6EF-4879-995C-67F452506623} = {C72E5A90-7B74-485B-885A-2E34C044CA81}
		{9C011D6D-4014-414F-B1DE-018C1C1A5BAF} = {37B5C834-5EC7-4244-B6D8-987AAF52E9EE}
		{FE89BE0D-2401-43E2-9998-88C3FD717999} = {C72E5A90-7B74-485B-885A-2E34C044CA81}
		{582FDDEF-33C9-49C2-8D3A-0A78EB899272} = {37B5C834-5EC7-4244-B6D8-987AAF52E9EE}
		{25ED8E7C-4828-44BB-BBE1-6C18C2D1FAFB} = {C72E5A90-7B74-485B-885A-2E34C044CA81}
		{238FA07B-1C33-476C-9892-ABA67B1F2BD3} = {37B5C834-5EC7-4244-B6D8-987AAF52E9EE}
		{79477A0F-3699-419F-97B5-B22C4CFDA897} = {C72E5A90-7B74-485B-885A-2E34C044CA81}
		{0B6245B9-F028-4BDB-BC9C-42EE66723D18} = {C72E5A90-7B74-485B-885A-2E34C044CA81}
		{F5F99A80-CE9D-4824-8695-A41435881D4D} = {37B5C834-5EC7-4244-B6D8-987AAF52E9EE}
		{51F043C5-0709-447A-83BB-3976CBF61632} = {C72E5A90-7B74-485B-885A-2E34C044CA81}
	EndGlobalSection
	GlobalSection(ExtensibilityGlobals) = postSolution
		SolutionGuid = {2D9C2C14-F455-44B6-AA7D-DDC6D6B27FB8}
	EndGlobalSection
EndGlobal
